Microsoft Visual Studio Solution File, Format Version 12.00
# Visual Studio Version 17
VisualStudioVersion = 17.14.36401.2 d17.14
MinimumVisualStudioVersion = 10.0.40219.1
Project("{FAE04EC0-301F-11D3-BF4B-00C04F79EFBC}") = "Oni.AppHost", "Oni.AppHost\Oni.AppHost.csproj", "{8BCE052E-4A8D-4C9C-863A-268568773884}"
EndProject
Project("{FAE04EC0-301F-11D3-BF4B-00C04F79EFBC}") = "Oni.ServiceDefaults", "Oni.ServiceDefaults\Oni.ServiceDefaults.csproj", "{8B24E243-8CF9-B67B-060C-413A67778BF6}"
EndProject
Project("{FAE04EC0-301F-11D3-BF4B-00C04F79EFBC}") = "Oni.Web", "Oni.Web\Oni.Web.csproj", "{99841FF2-0E02-75D7-45E4-AF9002592A94}"
EndProject
Project("{FAE04EC0-301F-11D3-BF4B-00C04F79EFBC}") = "Oni.Domain", "Oni.Domain\Oni.Domain.csproj", "{4BCE32E2-1AD3-4430-8404-76232CFE89BE}"
EndProject
Project("{FAE04EC0-301F-11D3-BF4B-00C04F79EFBC}") = "Oni.Infrastructure", "Oni.Infrastructure\Oni.Infrastructure.csproj", "{8A3BE9A7-CE71-47EE-9031-59C78C73FEF4}"
EndProject
Project("{2150E333-8FDC-42A3-9474-1A3956D46DE8}") = "src", "src", "{02EA681E-C7D8-13C7-8484-4AC65E1B71E8}"
EndProject
Project("{2150E333-8FDC-42A3-9474-1A3956D46DE8}") = "aspire", "aspire", "{230B8097-B5A0-4E01-A60B-FB053207AAF2}"
EndProject
Project("{2150E333-8FDC-42A3-9474-1A3956D46DE8}") = "tests", "tests", "{DC5C2DFA-5C1B-4AC6-9937-DD84B18C28E5}"
EndProject
Project("{FAE04EC0-301F-11D3-BF4B-00C04F79EFBC}") = "Oni.Application", "Oni.Application\Oni.Application.csproj", "{5D356686-F46A-41DB-8B6A-BAF031B7587D}"
EndProject
Project("{FAE04EC0-301F-11D3-BF4B-00C04F79EFBC}") = "Oni.SharedKernel", "Oni.SharedKernel\Oni.SharedKernel.csproj", "{311A47C3-18C7-48EA-B7E5-1D817A9F1AB2}"
EndProject
Global
	GlobalSection(SolutionConfigurationPlatforms) = preSolution
		Debug|Any CPU = Debug|Any CPU
		Release|Any CPU = Release|Any CPU
	EndGlobalSection
	GlobalSection(ProjectConfigurationPlatforms) = postSolution
		{8BCE052E-4A8D-4C9C-863A-268568773884}.Debug|Any CPU.ActiveCfg = Debug|Any CPU
		{8BCE052E-4A8D-4C9C-863A-268568773884}.Debug|Any CPU.Build.0 = Debug|Any CPU
		{8BCE052E-4A8D-4C9C-863A-268568773884}.Release|Any CPU.ActiveCfg = Release|Any CPU
		{8BCE052E-4A8D-4C9C-863A-268568773884}.Release|Any CPU.Build.0 = Release|Any CPU
		{8B24E243-8CF9-B67B-060C-413A67778BF6}.Debug|Any CPU.ActiveCfg = Debug|Any CPU
		{8B24E243-8CF9-B67B-060C-413A67778BF6}.Debug|Any CPU.Build.0 = Debug|Any CPU
		{8B24E243-8CF9-B67B-060C-413A67778BF6}.Release|Any CPU.ActiveCfg = Release|Any CPU
		{8B24E243-8CF9-B67B-060C-413A67778BF6}.Release|Any CPU.Build.0 = Release|Any CPU
		{99841FF2-0E02-75D7-45E4-AF9002592A94}.Debug|Any CPU.ActiveCfg = Debug|Any CPU
		{99841FF2-0E02-75D7-45E4-AF9002592A94}.Debug|Any CPU.Build.0 = Debug|Any CPU
		{99841FF2-0E02-75D7-45E4-AF9002592A94}.Release|Any CPU.ActiveCfg = Release|Any CPU
		{99841FF2-0E02-75D7-45E4-AF9002592A94}.Release|Any CPU.Build.0 = Release|Any CPU
		{4BCE32E2-1AD3-4430-8404-76232CFE89BE}.Debug|Any CPU.ActiveCfg = Debug|Any CPU
		{4BCE32E2-1AD3-4430-8404-76232CFE89BE}.Debug|Any CPU.Build.0 = Debug|Any CPU
		{4BCE32E2-1AD3-4430-8404-76232CFE89BE}.Release|Any CPU.ActiveCfg = Release|Any CPU
		{4BCE32E2-1AD3-4430-8404-76232CFE89BE}.Release|Any CPU.Build.0 = Release|Any CPU
		{8A3BE9A7-CE71-47EE-9031-59C78C73FEF4}.Debug|Any CPU.ActiveCfg = Debug|Any CPU
		{8A3BE9A7-CE71-47EE-9031-59C78C73FEF4}.Debug|Any CPU.Build.0 = Debug|Any CPU
		{8A3BE9A7-CE71-47EE-9031-59C78C73FEF4}.Release|Any CPU.ActiveCfg = Release|Any CPU
		{8A3BE9A7-CE71-47EE-9031-59C78C73FEF4}.Release|Any CPU.Build.0 = Release|Any CPU
		{5D356686-F46A-41DB-8B6A-BAF031B7587D}.Debug|Any CPU.ActiveCfg = Debug|Any CPU
		{5D356686-F46A-41DB-8B6A-BAF031B7587D}.Debug|Any CPU.Build.0 = Debug|Any CPU
		{5D356686-F46A-41DB-8B6A-BAF031B7587D}.Release|Any CPU.ActiveCfg = Release|Any CPU
		{5D356686-F46A-41DB-8B6A-BAF031B7587D}.Release|Any CPU.Build.0 = Release|Any CPU
		{311A47C3-18C7-48EA-B7E5-1D817A9F1AB2}.Debug|Any CPU.ActiveCfg = Debug|Any CPU
		{311A47C3-18C7-48EA-B7E5-1D817A9F1AB2}.Debug|Any CPU.Build.0 = Debug|Any CPU
		{311A47C3-18C7-48EA-B7E5-1D817A9F1AB2}.Release|Any CPU.ActiveCfg = Release|Any CPU
		{311A47C3-18C7-48EA-B7E5-1D817A9F1AB2}.Release|Any CPU.Build.0 = Release|Any CPU
	EndGlobalSection
	GlobalSection(SolutionProperties) = preSolution
		HideSolutionNode = FALSE
	EndGlobalSection
	GlobalSection(NestedProjects) = preSolution
		{8BCE052E-4A8D-4C9C-863A-268568773884} = {230B8097-B5A0-4E01-A60B-FB053207AAF2}
		{8B24E243-8CF9-B67B-060C-413A67778BF6} = {230B8097-B5A0-4E01-A60B-FB053207AAF2}
		{99841FF2-0E02-75D7-45E4-AF9002592A94} = {02EA681E-C7D8-13C7-8484-4AC65E1B71E8}
		{4BCE32E2-1AD3-4430-8404-76232CFE89BE} = {02EA681E-C7D8-13C7-8484-4AC65E1B71E8}
		{8A3BE9A7-CE71-47EE-9031-59C78C73FEF4} = {02EA681E-C7D8-13C7-8484-4AC65E1B71E8}
		{230B8097-B5A0-4E01-A60B-FB053207AAF2} = {02EA681E-C7D8-13C7-8484-4AC65E1B71E8}
		{5D356686-F46A-41DB-8B6A-BAF031B7587D} = {02EA681E-C7D8-13C7-8484-4AC65E1B71E8}
		{311A47C3-18C7-48EA-B7E5-1D817A9F1AB2} = {02EA681E-C7D8-13C7-8484-4AC65E1B71E8}
	EndGlobalSection
	GlobalSection(ExtensibilityGlobals) = postSolution
		SolutionGuid = {871C7EB1-7470-4E40-9E43-CE5B5C96137F}
	EndGlobalSection
EndGlobal
